// !$*UTF8*$!
{
	archiveVersion = 1;
	classes = {
	};
	objectVersion = 56;
	objects = {

/* Begin PBXBuildFile section */
		9F1635242C78C3D2008F018B /* AccountsView.swift in Sources */ = {isa = PBXBuildFile; fileRef = 9F1635232C78C3D2008F018B /* AccountsView.swift */; };
		9F1635262C7914E0008F018B /* HomeOfficeView.swift in Sources */ = {isa = PBXBuildFile; fileRef = 9F1635252C7914E0008F018B /* HomeOfficeView.swift */; };
		9F1635282C791D31008F018B /* VehicleView.swift in Sources */ = {isa = PBXBuildFile; fileRef = 9F1635272C791D31008F018B /* VehicleView.swift */; };
		9F16352A2C792579008F018B /* StatusView.swift in Sources */ = {isa = PBXBuildFile; fileRef = 9F1635292C792579008F018B /* StatusView.swift */; };
		9F16352C2C792DA1008F018B /* ReviewView.swift in Sources */ = {isa = PBXBuildFile; fileRef = 9F16352B2C792DA1008F018B /* ReviewView.swift */; };
		9F545DB52C73CDAF00FA05B3 /* CustomNavigationApp.swift in Sources */ = {isa = PBXBuildFile; fileRef = 9F545DB42C73CDAF00FA05B3 /* CustomNavigationApp.swift */; };
		9F545DB72C73CDAF00FA05B3 /* ContentView.swift in Sources */ = {isa = PBXBuildFile; fileRef = 9F545DB62C73CDAF00FA05B3 /* ContentView.swift */; };
		9F545DB92C73CDB000FA05B3 /* Assets.xcassets in Resources */ = {isa = PBXBuildFile; fileRef = 9F545DB82C73CDB000FA05B3 /* Assets.xcassets */; };
		9F545DBC2C73CDB000FA05B3 /* Preview Assets.xcassets in Resources */ = {isa = PBXBuildFile; fileRef = 9F545DBB2C73CDB000FA05B3 /* Preview Assets.xcassets */; };
		9F545DC32C73CDBE00FA05B3 /* TabModel.swift in Sources */ = {isa = PBXBuildFile; fileRef = 9F545DC22C73CDBE00FA05B3 /* TabModel.swift */; };
/* End PBXBuildFile section */

/* Begin PBXFileReference section */
		9F1635232C78C3D2008F018B /* AccountsView.swift */ = {isa = PBXFileReference; lastKnownFileType = sourcecode.swift; path = AccountsView.swift; sourceTree = "<group>"; };
		9F1635252C7914E0008F018B /* HomeOfficeView.swift */ = {isa = PBXFileReference; lastKnownFileType = sourcecode.swift; path = HomeOfficeView.swift; sourceTree = "<group>"; };
		9F1635272C791D31008F018B /* VehicleView.swift */ = {isa = PBXFileReference; lastKnownFileType = sourcecode.swift; path = VehicleView.swift; sourceTree = "<group>"; };
		9F1635292C792579008F018B /* StatusView.swift */ = {isa = PBXFileReference; lastKnownFileType = sourcecode.swift; path = StatusView.swift; sourceTree = "<group>"; };
		9F16352B2C792DA1008F018B /* ReviewView.swift */ = {isa = PBXFileReference; lastKnownFileType = sourcecode.swift; path = ReviewView.swift; sourceTree = "<group>"; };
		9F545DB12C73CDAF00FA05B3 /* CustomNavigation.app */ = {isa = PBXFileReference; explicitFileType = wrapper.application; includeInIndex = 0; path = CustomNavigation.app; sourceTree = BUILT_PRODUCTS_DIR; };
		9F545DB42C73CDAF00FA05B3 /* CustomNavigationApp.swift */ = {isa = PBXFileReference; lastKnownFileType = sourcecode.swift; path = CustomNavigationApp.swift; sourceTree = "<group>"; };
		9F545DB62C73CDAF00FA05B3 /* ContentView.swift */ = {isa = PBXFileReference; lastKnownFileType = sourcecode.swift; path = ContentView.swift; sourceTree = "<group>"; };
		9F545DB82C73CDB000FA05B3 /* Assets.xcassets */ = {isa = PBXFileReference; lastKnownFileType = folder.assetcatalog; path = Assets.xcassets; sourceTree = "<group>"; };
		9F545DBB2C73CDB000FA05B3 /* Preview Assets.xcassets */ = {isa = PBXFileReference; lastKnownFileType = folder.assetcatalog; path = "Preview Assets.xcassets"; sourceTree = "<group>"; };
		9F545DC22C73CDBE00FA05B3 /* TabModel.swift */ = {isa = PBXFileReference; lastKnownFileType = sourcecode.swift; path = TabModel.swift; sourceTree = "<group>"; };
/* End PBXFileReference section */

/* Begin PBXFrameworksBuildPhase section */
		9F545DAE2C73CDAF00FA05B3 /* Frameworks */ = {
			isa = PBXFrameworksBuildPhase;
			buildActionMask = 2147483647;
			files = (
			);
			runOnlyForDeploymentPostprocessing = 0;
		};
/* End PBXFrameworksBuildPhase section */

/* Begin PBXGroup section */
		9F545DA82C73CDAF00FA05B3 = {
			isa = PBXGroup;
			children = (
				9F545DB32C73CDAF00FA05B3 /* CustomNavigation */,
				9F545DB22C73CDAF00FA05B3 /* Products */,
			);
			sourceTree = "<group>";
		};
		9F545DB22C73CDAF00FA05B3 /* Products */ = {
			isa = PBXGroup;
			children = (
				9F545DB12C73CDAF00FA05B3 /* CustomNavigation.app */,
			);
			name = Products;
			sourceTree = "<group>";
		};
		9F545DB32C73CDAF00FA05B3 /* CustomNavigation */ = {
			isa = PBXGroup;
			children = (
				9F545DC22C73CDBE00FA05B3 /* TabModel.swift */,
				9F545DB42C73CDAF00FA05B3 /* CustomNavigationApp.swift */,
				9F545DB62C73CDAF00FA05B3 /* ContentView.swift */,
				9F1635232C78C3D2008F018B /* AccountsView.swift */,
				9F1635252C7914E0008F018B /* HomeOfficeView.swift */,
				9F1635272C791D31008F018B /* VehicleView.swift */,
				9F1635292C792579008F018B /* StatusView.swift */,
				9F16352B2C792DA1008F018B /* ReviewView.swift */,
				9F545DB82C73CDB000FA05B3 /* Assets.xcassets */,
				9F545DBA2C73CDB000FA05B3 /* Preview Content */,
			);
			path = CustomNavigation;
			sourceTree = "<group>";
		};
		9F545DBA2C73CDB000FA05B3 /* Preview Content */ = {
			isa = PBXGroup;
			children = (
				9F545DBB2C73CDB000FA05B3 /* Preview Assets.xcassets */,
			);
			path = "Preview Content";
			sourceTree = "<group>";
		};
/* End PBXGroup section */

/* Begin PBXNativeTarget section */
		9F545DB02C73CDAF00FA05B3 /* CustomNavigation */ = {
			isa = PBXNativeTarget;
			buildConfigurationList = 9F545DBF2C73CDB000FA05B3 /* Build configuration list for PBXNativeTarget "CustomNavigation" */;
			buildPhases = (
				9F545DAD2C73CDAF00FA05B3 /* Sources */,
				9F545DAE2C73CDAF00FA05B3 /* Frameworks */,
				9F545DAF2C73CDAF00FA05B3 /* Resources */,
			);
			buildRules = (
			);
			dependencies = (
			);
			name = CustomNavigation;
			productName = CustomNavigation;
			productReference = 9F545DB12C73CDAF00FA05B3 /* CustomNavigation.app */;
			productType = "com.apple.product-type.application";
		};
/* End PBXNativeTarget section */

/* Begin PBXProject section */
		9F545DA92C73CDAF00FA05B3 /* Project object */ = {
			isa = PBXProject;
			attributes = {
				BuildIndependentTargetsInParallel = 1;
				LastSwiftUpdateCheck = 1540;
				LastUpgradeCheck = 1540;
				TargetAttributes = {
					9F545DB02C73CDAF00FA05B3 = {
						CreatedOnToolsVersion = 15.4;
					};
				};
			};
			buildConfigurationList = 9F545DAC2C73CDAF00FA05B3 /* Build configuration list for PBXProject "CustomNavigation" */;
			compatibilityVersion = "Xcode 14.0";
			developmentRegion = en;
			hasScannedForEncodings = 0;
			knownRegions = (
				en,
				Base,
			);
			mainGroup = 9F545DA82C73CDAF00FA05B3;
			productRefGroup = 9F545DB22C73CDAF00FA05B3 /* Products */;
			projectDirPath = "";
			projectRoot = "";
			targets = (
				9F545DB02C73CDAF00FA05B3 /* CustomNavigation */,
			);
		};
/* End PBXProject section */

/* Begin PBXResourcesBuildPhase section */
		9F545DAF2C73CDAF00FA05B3 /* Resources */ = {
			isa = PBXResourcesBuildPhase;
			buildActionMask = 2147483647;
			files = (
				9F545DBC2C73CDB000FA05B3 /* Preview Assets.xcassets in Resources */,
				9F545DB92C73CDB000FA05B3 /* Assets.xcassets in Resources */,
			);
			runOnlyForDeploymentPostprocessing = 0;
		};
/* End PBXResourcesBuildPhase section */

/* Begin PBXSourcesBuildPhase section */
		9F545DAD2C73CDAF00FA05B3 /* Sources */ = {
			isa = PBXSourcesBuildPhase;
			buildActionMask = 2147483647;
			files = (
				9F1635242C78C3D2008F018B /* AccountsView.swift in Sources */,
				9F16352C2C792DA1008F018B /* ReviewView.swift in Sources */,
				9F1635282C791D31008F018B /* VehicleView.swift in Sources */,
				9F16352A2C792579008F018B /* StatusView.swift in Sources */,
				9F545DC32C73CDBE00FA05B3 /* TabModel.swift in Sources */,
				9F545DB72C73CDAF00FA05B3 /* ContentView.swift in Sources */,
				9F1635262C7914E0008F018B /* HomeOfficeView.swift in Sources */,
				9F545DB52C73CDAF00FA05B3 /* CustomNavigationApp.swift in Sources */,
			);
			runOnlyForDeploymentPostprocessing = 0;
		};
/* End PBXSourcesBuildPhase section */

/* Begin XCBuildConfiguration section */
		9F545DBD2C73CDB000FA05B3 /* Debug */ = {
			isa = XCBuildConfiguration;
			buildSettings = {
				ALWAYS_SEARCH_USER_PATHS = NO;
				ASSETCATALOG_COMPILER_GENERATE_SWIFT_ASSET_SYMBOL_EXTENSIONS = YES;
				CLANG_ANALYZER_NONNULL = YES;
				CLANG_ANALYZER_NUMBER_OBJECT_CONVERSION = YES_AGGRESSIVE;
				CLANG_CXX_LANGUAGE_STANDARD = "gnu++20";
				CLANG_ENABLE_MODULES = YES;
				CLANG_ENABLE_OBJC_ARC = YES;
				CLANG_ENABLE_OBJC_WEAK = YES;
				CLANG_WARN_BLOCK_CAPTURE_AUTORELEASING = YES;
				CLANG_WARN_BOOL_CONVERSION = YES;
				CLANG_WARN_COMMA = YES;
				CLANG_WARN_CONSTANT_CONVERSION = YES;
				CLANG_WARN_DEPRECATED_OBJC_IMPLEMENTATIONS = YES;
				CLANG_WARN_DIRECT_OBJC_ISA_USAGE = YES_ERROR;
				CLANG_WARN_DOCUMENTATION_COMMENTS = YES;
				CLANG_WARN_EMPTY_BODY = YES;
				CLANG_WARN_ENUM_CONVERSION = YES;
				CLANG_WARN_INFINITE_RECURSION = YES;
				CLANG_WARN_INT_CONVERSION = YES;
				CLANG_WARN_NON_LITERAL_NULL_CONVERSION = YES;
				CLANG_WARN_OBJC_IMPLICIT_RETAIN_SELF = YES;
				CLANG_WARN_OBJC_LITERAL_CONVERSION = YES;
				CLANG_WARN_OBJC_ROOT_CLASS = YES_ERROR;
				CLANG_WARN_QUOTED_INCLUDE_IN_FRAMEWORK_HEADER = YES;
				CLANG_WARN_RANGE_LOOP_ANALYSIS = YES;
				CLANG_WARN_STRICT_PROTOTYPES = YES;
				CLANG_WARN_SUSPICIOUS_MOVE = YES;
				CLANG_WARN_UNGUARDED_AVAILABILITY = YES_AGGRESSIVE;
				CLANG_WARN_UNREACHABLE_CODE = YES;
				CLANG_WARN__DUPLICATE_METHOD_MATCH = YES;
				COPY_PHASE_STRIP = NO;
				DEBUG_INFORMATION_FORMAT = dwarf;
				ENABLE_STRICT_OBJC_MSGSEND = YES;
				ENABLE_TESTABILITY = YES;
				ENABLE_USER_SCRIPT_SANDBOXING = YES;
				GCC_C_LANGUAGE_STANDARD = gnu17;
				GCC_DYNAMIC_NO_PIC = NO;
				GCC_NO_COMMON_BLOCKS = YES;
				GCC_OPTIMIZATION_LEVEL = 0;
				GCC_PREPROCESSOR_DEFINITIONS = (
					"DEBUG=1",
					"$(inherited)",
				);
				GCC_WARN_64_TO_32_BIT_CONVERSION = YES;
				GCC_WARN_ABOUT_RETURN_TYPE = YES_ERROR;
				GCC_WARN_UNDECLARED_SELECTOR = YES;
				GCC_WARN_UNINITIALIZED_AUTOS = YES_AGGRESSIVE;
				GCC_WARN_UNUSED_FUNCTION = YES;
				GCC_WARN_UNUSED_VARIABLE = YES;
				IPHONEOS_DEPLOYMENT_TARGET = 17.5;
				LOCALIZATION_PREFERS_STRING_CATALOGS = YES;
				MTL_ENABLE_DEBUG_INFO = INCLUDE_SOURCE;
				MTL_FAST_MATH = YES;
				ONLY_ACTIVE_ARCH = YES;
				SDKROOT = iphoneos;
				SWIFT_ACTIVE_COMPILATION_CONDITIONS = "DEBUG $(inherited)";
				SWIFT_OPTIMIZATION_LEVEL = "-Onone";
			};
			name = Debug;
		};
		9F545DBE2C73CDB000FA05B3 /* Release */ = {
			isa = XCBuildConfiguration;
			buildSettings = {
				ALWAYS_SEARCH_USER_PATHS = NO;
				ASSETCATALOG_COMPILER_GENERATE_SWIFT_ASSET_SYMBOL_EXTENSIONS = YES;
				CLANG_ANALYZER_NONNULL = YES;
				CLANG_ANALYZER_NUMBER_OBJECT_CONVERSION = YES_AGGRESSIVE;
				CLANG_CXX_LANGUAGE_STANDARD = "gnu++20";
				CLANG_ENABLE_MODULES = YES;
				CLANG_ENABLE_OBJC_ARC = YES;
				CLANG_ENABLE_OBJC_WEAK = YES;
				CLANG_WARN_BLOCK_CAPTURE_AUTORELEASING = YES;
				CLANG_WARN_BOOL_CONVERSION = YES;
				CLANG_WARN_COMMA = YES;
				CLANG_WARN_CONSTANT_CONVERSION = YES;
				CLANG_WARN_DEPRECATED_OBJC_IMPLEMENTATIONS = YES;
				CLANG_WARN_DIRECT_OBJC_ISA_USAGE = YES_ERROR;
				CLANG_WARN_DOCUMENTATION_COMMENTS = YES;
				CLANG_WARN_EMPTY_BODY = YES;
				CLANG_WARN_ENUM_CONVERSION = YES;
				CLANG_WARN_INFINITE_RECURSION = YES;
				CLANG_WARN_INT_CONVERSION = YES;
				CLANG_WARN_NON_LITERAL_NULL_CONVERSION = YES;
				CLANG_WARN_OBJC_IMPLICIT_RETAIN_SELF = YES;
				CLANG_WARN_OBJC_LITERAL_CONVERSION = YES;
				CLANG_WARN_OBJC_ROOT_CLASS = YES_ERROR;
				CLANG_WARN_QUOTED_INCLUDE_IN_FRAMEWORK_HEADER = YES;
				CLANG_WARN_RANGE_LOOP_ANALYSIS = YES;
				CLANG_WARN_STRICT_PROTOTYPES = YES;
				CLANG_WARN_SUSPICIOUS_MOVE = YES;
				CLANG_WARN_UNGUARDED_AVAILABILITY = YES_AGGRESSIVE;
				CLANG_WARN_UNREACHABLE_CODE = YES;
				CLANG_WARN__DUPLICATE_METHOD_MATCH = YES;
				COPY_PHASE_STRIP = NO;
				DEBUG_INFORMATION_FORMAT = "dwarf-with-dsym";
				ENABLE_NS_ASSERTIONS = NO;
				ENABLE_STRICT_OBJC_MSGSEND = YES;
				ENABLE_USER_SCRIPT_SANDBOXING = YES;
				GCC_C_LANGUAGE_STANDARD = gnu17;
				GCC_NO_COMMON_BLOCKS = YES;
				GCC_WARN_64_TO_32_BIT_CONVERSION = YES;
				GCC_WARN_ABOUT_RETURN_TYPE = YES_ERROR;
				GCC_WARN_UNDECLARED_SELECTOR = YES;
				GCC_WARN_UNINITIALIZED_AUTOS = YES_AGGRESSIVE;
				GCC_WARN_UNUSED_FUNCTION = YES;
				GCC_WARN_UNUSED_VARIABLE = YES;
				IPHONEOS_DEPLOYMENT_TARGET = 17.5;
				LOCALIZATION_PREFERS_STRING_CATALOGS = YES;
				MTL_ENABLE_DEBUG_INFO = NO;
				MTL_FAST_MATH = YES;
				SDKROOT = iphoneos;
				SWIFT_COMPILATION_MODE = wholemodule;
				VALIDATE_PRODUCT = YES;
			};
			name = Release;
		};
		9F545DC02C73CDB000FA05B3 /* Debug */ = {
			isa = XCBuildConfiguration;
			buildSettings = {
				ASSETCATALOG_COMPILER_APPICON_NAME = AppIcon;
				ASSETCATALOG_COMPILER_GLOBAL_ACCENT_COLOR_NAME = AccentColor;
				CODE_SIGN_STYLE = Automatic;
				CURRENT_PROJECT_VERSION = 1;
				DEVELOPMENT_ASSET_PATHS = "\"CustomNavigation/Preview Content\"";
				DEVELOPMENT_TEAM = 286V6NN9R7;
				ENABLE_PREVIEWS = YES;
				GENERATE_INFOPLIST_FILE = YES;
				INFOPLIST_KEY_UIApplicationSceneManifest_Generation = YES;
				INFOPLIST_KEY_UIApplicationSupportsIndirectInputEvents = YES;
				INFOPLIST_KEY_UILaunchScreen_Generation = YES;
				INFOPLIST_KEY_UISupportedInterfaceOrientations_iPad = "UIInterfaceOrientationPortrait UIInterfaceOrientationPortraitUpsideDown UIInterfaceOrientationLandscapeLeft UIInterfaceOrientationLandscapeRight";
				INFOPLIST_KEY_UISupportedInterfaceOrientations_iPhone = "UIInterfaceOrientationPortrait UIInterfaceOrientationLandscapeLeft UIInterfaceOrientationLandscapeRight";
				LD_RUNPATH_SEARCH_PATHS = (
					"$(inherited)",
					"@executable_path/Frameworks",
				);
				MARKETING_VERSION = 1.0;
				PRODUCT_BUNDLE_IDENTIFIER = com..CustomNavigation;
				PRODUCT_NAME = "$(TARGET_NAME)";
				SWIFT_EMIT_LOC_STRINGS = YES;
				SWIFT_VERSION = 5.0;
				TARGETED_DEVICE_FAMILY = "1,2";
			};
			name = Debug;
		};
		9F545DC12C73CDB000FA05B3 /* Release */ = {
			isa = XCBuildConfiguration;
			buildSettings = {
				ASSETCATALOG_COMPILER_APPICON_NAME = AppIcon;
				ASSETCATALOG_COMPILER_GLOBAL_ACCENT_COLOR_NAME = AccentColor;
				CODE_SIGN_STYLE = Automatic;
				CURRENT_PROJECT_VERSION = 1;
				DEVELOPMENT_ASSET_PATHS = "\"CustomNavigation/Preview Content\"";
				DEVELOPMENT_TEAM = 286V6NN9R7;
				ENABLE_PREVIEWS = YES;
				GENERATE_INFOPLIST_FILE = YES;
				INFOPLIST_KEY_UIApplicationSceneManifest_Generation = YES;
				INFOPLIST_KEY_UIApplicationSupportsIndirectInputEvents = YES;
				INFOPLIST_KEY_UILaunchScreen_Generation = YES;
				INFOPLIST_KEY_UISupportedInterfaceOrientations_iPad = "UIInterfaceOrientationPortrait UIInterfaceOrientationPortraitUpsideDown UIInterfaceOrientationLandscapeLeft UIInterfaceOrientationLandscapeRight";
				INFOPLIST_KEY_UISupportedInterfaceOrientations_iPhone = "UIInterfaceOrientationPortrait UIInterfaceOrientationLandscapeLeft UIInterfaceOrientationLandscapeRight";
				LD_RUNPATH_SEARCH_PATHS = (
					"$(inherited)",
					"@executable_path/Frameworks",
				);
				MARKETING_VERSION = 1.0;
				PRODUCT_BUNDLE_IDENTIFIER = com..CustomNavigation;
				PRODUCT_NAME = "$(TARGET_NAME)";
				SWIFT_EMIT_LOC_STRINGS = YES;
				SWIFT_VERSION = 5.0;
				TARGETED_DEVICE_FAMILY = "1,2";
			};
			name = Release;
		};
/* End XCBuildConfiguration section */

/* Begin XCConfigurationList section */
		9F545DAC2C73CDAF00FA05B3 /* Build configuration list for PBXProject "CustomNavigation" */ = {
			isa = XCConfigurationList;
			buildConfigurations = (
				9F545DBD2C73CDB000FA05B3 /* Debug */,
				9F545DBE2C73CDB000FA05B3 /* Release */,
			);
			defaultConfigurationIsVisible = 0;
			defaultConfigurationName = Release;
		};
		9F545DBF2C73CDB000FA05B3 /* Build configuration list for PBXNativeTarget "CustomNavigation" */ = {
			isa = XCConfigurationList;
			buildConfigurations = (
				9F545DC02C73CDB000FA05B3 /* Debug */,
				9F545DC12C73CDB000FA05B3 /* Release */,
			);
			defaultConfigurationIsVisible = 0;
			defaultConfigurationName = Release;
		};
/* End XCConfigurationList section */
	};
	rootObject = 9F545DA92C73CDAF00FA05B3 /* Project object */;
}
